{
  "nodes": {
    "aces": {
      "inputs": {
        "flake-utils": "flake-utils",
        "nixpkgs": "nixpkgs_2"
      },
      "locked": {
        "lastModified": 1634514783,
        "narHash": "sha256-Mno9n+mxOM+znMxMNruXAYyRRhgR1y3WA8HnXlL/Qq8=",
        "owner": "quackduck",
        "repo": "aces",
        "rev": "8791ed2aa84f6eb93b96fb64c255bd78b13d6c4a",
        "type": "github"
      },
      "original": {
        "owner": "quackduck",
        "repo": "aces",
        "type": "github"
      }
    },
    "declCachix": {
      "locked": {
        "lastModified": 1670437766,
        "narHash": "sha256-OINAikZrqLN0MsTAP4tNHoezXjIOZ/tkbu/C/KCEgmU=",
        "owner": "jonascarpay",
        "repo": "declarative-cachix",
        "rev": "abe4d70e5d9a225a7ecf98086b089cc04202f2e3",
        "type": "github"
      },
      "original": {
        "owner": "jonascarpay",
        "repo": "declarative-cachix",
        "type": "github"
      }
    },
    "fenix": {
      "inputs": {
        "nixpkgs": "nixpkgs",
        "rust-analyzer-src": "rust-analyzer-src"
      },
      "locked": {
        "lastModified": 1690352427,
        "narHash": "sha256-xCH8mt9eSikYb2P1ePYK6ygk/CExDdl7skgVv4RCWf8=",
        "owner": "nix-community",
        "repo": "fenix",
        "rev": "5980b17ea7de165699f76be5f1a20a7306fc6970",
        "type": "github"
      },
      "original": {
        "owner": "nix-community",
        "repo": "fenix",
        "type": "github"
      }
    },
    "flake-compat": {
      "flake": false,
      "locked": {
        "lastModified": 1673956053,
        "narHash": "sha256-4gtG9iQuiKITOjNQQeQIpoIB6b16fm+504Ch3sNKLd8=",
        "owner": "edolstra",
        "repo": "flake-compat",
        "rev": "35bb57c0c8d8b62bbfd284272c928ceb64ddbde9",
        "type": "github"
      },
      "original": {
        "owner": "edolstra",
        "repo": "flake-compat",
        "type": "github"
      }
    },
    "flake-utils": {
      "locked": {
        "lastModified": 1631561581,
        "narHash": "sha256-3VQMV5zvxaVLvqqUrNz3iJelLw30mIVSfZmAaauM3dA=",
        "owner": "numtide",
        "repo": "flake-utils",
        "rev": "7e5bf3925f6fbdfaf50a2a7ca0be2879c4261d19",
        "type": "github"
      },
      "original": {
        "owner": "numtide",
        "repo": "flake-utils",
        "type": "github"
      }
    },
    "flake-utils_2": {
      "locked": {
        "lastModified": 1631561581,
        "narHash": "sha256-3VQMV5zvxaVLvqqUrNz3iJelLw30mIVSfZmAaauM3dA=",
        "owner": "numtide",
        "repo": "flake-utils",
        "rev": "7e5bf3925f6fbdfaf50a2a7ca0be2879c4261d19",
        "type": "github"
      },
      "original": {
        "owner": "numtide",
        "repo": "flake-utils",
        "type": "github"
      }
    },
    "flake-utils_3": {
      "inputs": {
        "systems": "systems"
      },
      "locked": {
        "lastModified": 1685518550,
        "narHash": "sha256-o2d0KcvaXzTrPRIo0kOLV0/QXHhDQ5DTi+OxcjO8xqY=",
        "owner": "numtide",
        "repo": "flake-utils",
        "rev": "a1720a10a6cfe8234c0e93907ffe81be440f4cef",
        "type": "github"
      },
      "original": {
        "owner": "numtide",
        "repo": "flake-utils",
        "type": "github"
      }
    },
    "hackclub-overlay": {
      "inputs": {
        "aces": "aces",
        "nixpkgs": "nixpkgs_3",
        "sepia": "sepia"
      },
      "locked": {
        "lastModified": 1634666236,
        "narHash": "sha256-qyM22LjvKmpy2BFrRClWmD6/sL0LGqfA5cfoporn8BI=",
        "owner": "hackclub",
        "repo": "nix-overlay",
        "rev": "5b401b35cdec708b7ac716841b86d725085a7e1f",
        "type": "github"
      },
      "original": {
        "owner": "hackclub",
        "repo": "nix-overlay",
        "type": "github"
      }
    },
    "home-manager": {
      "inputs": {
        "nixpkgs": [
          "nixpkgs"
        ]
      },
      "locked": {
        "lastModified": 1690303752,
        "narHash": "sha256-2YiwFHQERGoaORNORmsdmVlPD8CVVwlwbV2+f77sFhg=",
        "owner": "nix-community",
        "repo": "home-manager",
        "rev": "ba2c0737cc848db03470828fdb5e86df75ed42a8",
        "type": "github"
      },
      "original": {
        "owner": "nix-community",
        "repo": "home-manager",
        "type": "github"
      }
    },
    "neovim-flake": {
      "inputs": {
        "flake-utils": "flake-utils_3",
        "nixpkgs": [
          "neovim-nightly-overlay",
          "nixpkgs"
        ]
      },
      "locked": {
        "dir": "contrib",
        "lastModified": 1690297039,
        "narHash": "sha256-ZxxU0JllyKlRlWEXv7Jj5HAuTj5WjRmpBCzuzlAMuck=",
        "owner": "neovim",
        "repo": "neovim",
        "rev": "74bd4aba57d2f1b224abe46a6de82911d14ef6c1",
        "type": "github"
      },
      "original": {
        "dir": "contrib",
        "owner": "neovim",
        "repo": "neovim",
        "type": "github"
      }
    },
    "neovim-nightly-overlay": {
      "inputs": {
        "flake-compat": "flake-compat",
        "neovim-flake": "neovim-flake",
        "nixpkgs": "nixpkgs_5"
      },
      "locked": {
        "lastModified": 1682583188,
        "narHash": "sha256-CqXxDWqRLc7liA8cwafV4TQ5ggxx3PTlvDs8CUuF5HY=",
        "owner": "nix-community",
        "repo": "neovim-nightly-overlay",
        "rev": "c57746e2b9e3b42c0be9d9fd1d765f245c3827b7",
        "type": "github"
      },
      "original": {
        "owner": "nix-community",
        "repo": "neovim-nightly-overlay",
        "type": "github"
      }
    },
    "nixpkgs": {
      "locked": {
        "lastModified": 1690179384,
        "narHash": "sha256-+arbgqFTAtoeKtepW9wCnA0njCOyoiDFyl0Q0SBSOtE=",
        "owner": "nixos",
        "repo": "nixpkgs",
        "rev": "b12803b6d90e2e583429bb79b859ca53c348b39a",
        "type": "github"
      },
      "original": {
        "owner": "nixos",
        "ref": "nixos-unstable",
        "repo": "nixpkgs",
        "type": "github"
      }
    },
    "nixpkgs_2": {
      "locked": {
        "lastModified": 1633422745,
        "narHash": "sha256-gA6Ok64nPbkjHk3Oanq4641EeYkjcKhisDF9wBjLxEk=",
        "owner": "NixOS",
        "repo": "nixpkgs",
        "rev": "8e1eab9eae4278c9bb1dcae426848a581943db5a",
        "type": "github"
      },
      "original": {
        "owner": "NixOS",
        "ref": "nixpkgs-unstable",
        "repo": "nixpkgs",
        "type": "github"
      }
    },
    "nixpkgs_3": {
      "locked": {
        "lastModified": 1633329294,
        "narHash": "sha256-0LpQLS4KMgxslMgmDHmxG/5twFlXDBW9z4Or1iOrCvU=",
        "owner": "NixOS",
        "repo": "nixpkgs",
        "rev": "ee084c02040e864eeeb4cf4f8538d92f7c675671",
        "type": "github"
      },
      "original": {
        "owner": "NixOS",
        "ref": "nixpkgs-unstable",
        "repo": "nixpkgs",
        "type": "github"
      }
    },
    "nixpkgs_4": {
      "locked": {
        "lastModified": 1633329294,
        "narHash": "sha256-0LpQLS4KMgxslMgmDHmxG/5twFlXDBW9z4Or1iOrCvU=",
        "owner": "NixOS",
        "repo": "nixpkgs",
        "rev": "ee084c02040e864eeeb4cf4f8538d92f7c675671",
        "type": "github"
      },
      "original": {
        "owner": "NixOS",
        "ref": "nixpkgs-unstable",
        "repo": "nixpkgs",
        "type": "github"
      }
    },
    "nixpkgs_5": {
      "locked": {
        "lastModified": 1690327932,
        "narHash": "sha256-Fv7PYZxN4eo0K6zXhHG/vOc+e2iuqQ5ywDrh0yeRjP0=",
        "owner": "nixos",
        "repo": "nixpkgs",
        "rev": "a9b47d85504bdd199e90846622c76aa0bfeabfac",
        "type": "github"
      },
      "original": {
        "owner": "nixos",
        "ref": "nixpkgs-unstable",
        "repo": "nixpkgs",
        "type": "github"
      }
    },
    "nixpkgs_6": {
      "locked": {
        "lastModified": 1690327932,
        "narHash": "sha256-Fv7PYZxN4eo0K6zXhHG/vOc+e2iuqQ5ywDrh0yeRjP0=",
        "owner": "NixOS",
        "repo": "nixpkgs",
        "rev": "a9b47d85504bdd199e90846622c76aa0bfeabfac",
        "type": "github"
      },
      "original": {
        "owner": "NixOS",
        "ref": "nixpkgs-unstable",
        "repo": "nixpkgs",
        "type": "github"
      }
    },
    "root": {
      "inputs": {
        "declCachix": "declCachix",
        "fenix": "fenix",
        "hackclub-overlay": "hackclub-overlay",
        "home-manager": "home-manager",
        "neovim-nightly-overlay": "neovim-nightly-overlay",
        "nixpkgs": "nixpkgs_6"
      }
    },
    "rust-analyzer-src": {
      "flake": false,
      "locked": {
        "lastModified": 1690216158,
        "narHash": "sha256-TUF0YoWweQj0hNHWykC1vtBQVUncARlLLPmQP9hUeME=",
        "owner": "rust-lang",
        "repo": "rust-analyzer",
        "rev": "b64e5b3919b24bc784f36248e6e1f921ee7bb71b",
        "type": "github"
      },
      "original": {
        "owner": "rust-lang",
        "ref": "nightly",
        "repo": "rust-analyzer",
        "type": "github"
      }
    },
    "sepia": {
      "inputs": {
        "flake-utils": "flake-utils_2",
        "nixpkgs": "nixpkgs_4"
      },
      "locked": {
        "lastModified": 1634422290,
        "narHash": "sha256-f79OFqqSWn/OOPnizYlFT5UwNSt9IA66KvsTHIrSQa8=",
        "owner": "rishiosaur",
        "repo": "sepiago",
        "rev": "1baccd748c42d00b4cf210ff55bb2e02646be5e6",
        "type": "github"
      },
      "original": {
        "owner": "rishiosaur",
        "repo": "sepiago",
        "type": "github"
      }
    },
    "systems": {
      "locked": {
        "lastModified": 1681028828,
        "narHash": "sha256-Vy1rq5AaRuLzOxct8nz4T6wlgyUR7zLU309k9mBC768=",
        "owner": "nix-systems",
        "repo": "default",
        "rev": "da67096a3b9bf56a91d16901293e51ba5b49a27e",
        "type": "github"
      },
      "original": {
        "owner": "nix-systems",
        "repo": "default",
        "type": "github"
      }
    }
  },
  "root": "root",
  "version": 7
}
